
Microsoft Visual Studio Solution File, Format Version 12.00
# Visual Studio 15
VisualStudioVersion = 15.0.28307.645
MinimumVisualStudioVersion = 10.0.40219.1
Project("{FAE04EC0-301F-11D3-BF4B-00C04F79EFBC}") = "QuotationEExtra21", "QuotationEExtra21\QuotationEExtra21.csproj", "{99516682-DC1B-402A-8AB9-9A44EB577C61}"
EndProject
Global
	GlobalSection(SolutionConfigurationPlatforms) = preSolution
		Debug|Any CPU = Debug|Any CPU
		Release|Any CPU = Release|Any CPU
	EndGlobalSection
	GlobalSection(ProjectConfigurationPlatforms) = postSolution
		{99516682-DC1B-402A-8AB9-9A44EB577C61}.Debug|Any CPU.ActiveCfg = Debug|Any CPU
		{99516682-DC1B-402A-8AB9-9A44EB577C61}.Debug|Any CPU.Build.0 = Debug|Any CPU
		{99516682-DC1B-402A-8AB9-9A44EB577C61}.Release|Any CPU.ActiveCfg = Release|Any CPU
		{99516682-DC1B-402A-8AB9-9A44EB577C61}.Release|Any CPU.Build.0 = Release|Any CPU
	EndGlobalSection
	GlobalSection(SolutionProperties) = preSolution
		HideSolutionNode = FALSE
	EndGlobalSection
	GlobalSection(ExtensibilityGlobals) = postSolution
		SolutionGuid = {459C4B06-C4C4-43C3-8B70-DD6C352A5729}
	EndGlobalSection
EndGlobal
